
Microsoft Visual Studio Solution File, Format Version 12.00
# Visual Studio Version 16
VisualStudioVersion = 16.0.30907.101
MinimumVisualStudioVersion = 10.0.40219.1
Project("{FAE04EC0-301F-11D3-BF4B-00C04F79EFBC}") = "OysterCardProblemMF", "OysterCardProblemMF.csproj", "{900C37D4-1F17-4BA0-92E7-5826D86CA0D7}"
EndProject
Project("{FAE04EC0-301F-11D3-BF4B-00C04F79EFBC}") = "OysterCardProblemMF.Tests", "..\OysterCardProblem.Tests\OysterCardProblemMF.Tests.csproj", "{AB12774B-268F-4840-A9AA-2F239F596193}"
EndProject
Global
	GlobalSection(SolutionConfigurationPlatforms) = preSolution
		Debug|Any CPU = Debug|Any CPU
		Release|Any CPU = Release|Any CPU
	EndGlobalSection
	GlobalSection(ProjectConfigurationPlatforms) = postSolution
		{900C37D4-1F17-4BA0-92E7-5826D86CA0D7}.Debug|Any CPU.ActiveCfg = Debug|Any CPU
		{900C37D4-1F17-4BA0-92E7-5826D86CA0D7}.Debug|Any CPU.Build.0 = Debug|Any CPU
		{900C37D4-1F17-4BA0-92E7-5826D86CA0D7}.Release|Any CPU.ActiveCfg = Release|Any CPU
		{900C37D4-1F17-4BA0-92E7-5826D86CA0D7}.Release|Any CPU.Build.0 = Release|Any CPU
		{AB12774B-268F-4840-A9AA-2F239F596193}.Debug|Any CPU.ActiveCfg = Debug|Any CPU
		{AB12774B-268F-4840-A9AA-2F239F596193}.Debug|Any CPU.Build.0 = Debug|Any CPU
		{AB12774B-268F-4840-A9AA-2F239F596193}.Release|Any CPU.ActiveCfg = Release|Any CPU
		{AB12774B-268F-4840-A9AA-2F239F596193}.Release|Any CPU.Build.0 = Release|Any CPU
	EndGlobalSection
	GlobalSection(SolutionProperties) = preSolution
		HideSolutionNode = FALSE
	EndGlobalSection
	GlobalSection(ExtensibilityGlobals) = postSolution
		SolutionGuid = {2B684C86-2E38-4FA1-B961-FE12254E47A7}
	EndGlobalSection
EndGlobal
